
Microsoft Visual Studio Solution File, Format Version 12.00
# Visual Studio Version 17
VisualStudioVersion = 17.2.32616.157
MinimumVisualStudioVersion = 10.0.40219.1
Project("{9A19103F-16F7-4668-BE54-9A1E7A4F7556}") = "Course", "Course.csproj", "{5ED61E3A-6D7C-4C62-B4D4-41D887782550}"
EndProject
Project("{2150E333-8FDC-42A3-9474-1A3956D46DE8}") = "Solution Items", "Solution Items", "{ABA7EE25-970D-46DF-9AAB-C1BE9EA9D25D}"
	ProjectSection(SolutionItems) = preProject
		.editorconfig = .editorconfig
	EndProjectSection
EndProject
Global
	GlobalSection(SolutionConfigurationPlatforms) = preSolution
		Debug|Any CPU = Debug|Any CPU
		Release|Any CPU = Release|Any CPU
	EndGlobalSection
	GlobalSection(ProjectConfigurationPlatforms) = postSolution
		{5ED61E3A-6D7C-4C62-B4D4-41D887782550}.Debug|Any CPU.ActiveCfg = Debug|Any CPU
		{5ED61E3A-6D7C-4C62-B4D4-41D887782550}.Debug|Any CPU.Build.0 = Debug|Any CPU
		{5ED61E3A-6D7C-4C62-B4D4-41D887782550}.Release|Any CPU.ActiveCfg = Release|Any CPU
		{5ED61E3A-6D7C-4C62-B4D4-41D887782550}.Release|Any CPU.Build.0 = Release|Any CPU
	EndGlobalSection
	GlobalSection(SolutionProperties) = preSolution
		HideSolutionNode = FALSE
	EndGlobalSection
	GlobalSection(ExtensibilityGlobals) = postSolution
		SolutionGuid = {5BF570A8-2B85-4B20-8E62-DADF97288467}
	EndGlobalSection
EndGlobal
